
Microsoft Visual Studio Solution File, Format Version 12.00
# Visual Studio Version 17
VisualStudioVersion = 17.4.33213.308
MinimumVisualStudioVersion = 10.0.40219.1
Project("{FAE04EC0-301F-11D3-BF4B-00C04F79EFBC}") = "EF_DbFirst", "EF_DbFirst\EF_DbFirst.csproj", "{94D6108E-3529-46A2-B8BB-891E3B31DA3A}"
EndProject
Global
	GlobalSection(SolutionConfigurationPlatforms) = preSolution
		Debug|Any CPU = Debug|Any CPU
		Release|Any CPU = Release|Any CPU
	EndGlobalSection
	GlobalSection(ProjectConfigurationPlatforms) = postSolution
		{94D6108E-3529-46A2-B8BB-891E3B31DA3A}.Debug|Any CPU.ActiveCfg = Debug|Any CPU
		{94D6108E-3529-46A2-B8BB-891E3B31DA3A}.Debug|Any CPU.Build.0 = Debug|Any CPU
		{94D6108E-3529-46A2-B8BB-891E3B31DA3A}.Release|Any CPU.ActiveCfg = Release|Any CPU
		{94D6108E-3529-46A2-B8BB-891E3B31DA3A}.Release|Any CPU.Build.0 = Release|Any CPU
	EndGlobalSection
	GlobalSection(SolutionProperties) = preSolution
		HideSolutionNode = FALSE
	EndGlobalSection
	GlobalSection(ExtensibilityGlobals) = postSolution
		SolutionGuid = {D9B19F49-BDA4-4B2B-B0FA-D503B2C2E11F}
	EndGlobalSection
EndGlobal
